
Microsoft Visual Studio Solution File, Format Version 12.00
# Visual Studio Version 17
VisualStudioVersion = 17.5.33627.172
MinimumVisualStudioVersion = 10.0.40219.1
Project("{FAE04EC0-301F-11D3-BF4B-00C04F79EFBC}") = "Servicio 1", "Servicio 1\Servicio 1.csproj", "{57BC7C2C-8C64-4A47-9A91-C697AF1A6BFD}"
EndProject
Project("{FAE04EC0-301F-11D3-BF4B-00C04F79EFBC}") = "ClienteServicio", "ClienteServicio\ClienteServicio.csproj", "{04386D8D-175C-4CC6-A16E-59282DF79A3C}"
	ProjectSection(ProjectDependencies) = postProject
		{57BC7C2C-8C64-4A47-9A91-C697AF1A6BFD} = {57BC7C2C-8C64-4A47-9A91-C697AF1A6BFD}
	EndProjectSection
EndProject
Project("{FAE04EC0-301F-11D3-BF4B-00C04F79EFBC}") = "ClienteWebServicios", "ClienteWebServicios\ClienteWebServicios.csproj", "{A01B2325-F673-47E1-9398-A40960DBB969}"
	ProjectSection(ProjectDependencies) = postProject
		{57BC7C2C-8C64-4A47-9A91-C697AF1A6BFD} = {57BC7C2C-8C64-4A47-9A91-C697AF1A6BFD}
	EndProjectSection
EndProject
Project("{FAE04EC0-301F-11D3-BF4B-00C04F79EFBC}") = "SerciciosAsmxJason", "SerciciosAsmxJason\SerciciosAsmxJason.csproj", "{4EFD3A2A-7A56-4E3E-8E60-7369216C178D}"
EndProject
Global
	GlobalSection(SolutionConfigurationPlatforms) = preSolution
		Debug|Any CPU = Debug|Any CPU
		Release|Any CPU = Release|Any CPU
	EndGlobalSection
	GlobalSection(ProjectConfigurationPlatforms) = postSolution
		{57BC7C2C-8C64-4A47-9A91-C697AF1A6BFD}.Debug|Any CPU.ActiveCfg = Debug|Any CPU
		{57BC7C2C-8C64-4A47-9A91-C697AF1A6BFD}.Debug|Any CPU.Build.0 = Debug|Any CPU
		{57BC7C2C-8C64-4A47-9A91-C697AF1A6BFD}.Release|Any CPU.ActiveCfg = Release|Any CPU
		{57BC7C2C-8C64-4A47-9A91-C697AF1A6BFD}.Release|Any CPU.Build.0 = Release|Any CPU
		{04386D8D-175C-4CC6-A16E-59282DF79A3C}.Debug|Any CPU.ActiveCfg = Debug|Any CPU
		{04386D8D-175C-4CC6-A16E-59282DF79A3C}.Debug|Any CPU.Build.0 = Debug|Any CPU
		{04386D8D-175C-4CC6-A16E-59282DF79A3C}.Release|Any CPU.ActiveCfg = Release|Any CPU
		{04386D8D-175C-4CC6-A16E-59282DF79A3C}.Release|Any CPU.Build.0 = Release|Any CPU
		{A01B2325-F673-47E1-9398-A40960DBB969}.Debug|Any CPU.ActiveCfg = Debug|Any CPU
		{A01B2325-F673-47E1-9398-A40960DBB969}.Debug|Any CPU.Build.0 = Debug|Any CPU
		{A01B2325-F673-47E1-9398-A40960DBB969}.Release|Any CPU.ActiveCfg = Release|Any CPU
		{A01B2325-F673-47E1-9398-A40960DBB969}.Release|Any CPU.Build.0 = Release|Any CPU
		{4EFD3A2A-7A56-4E3E-8E60-7369216C178D}.Debug|Any CPU.ActiveCfg = Debug|Any CPU
		{4EFD3A2A-7A56-4E3E-8E60-7369216C178D}.Debug|Any CPU.Build.0 = Debug|Any CPU
		{4EFD3A2A-7A56-4E3E-8E60-7369216C178D}.Release|Any CPU.ActiveCfg = Release|Any CPU
		{4EFD3A2A-7A56-4E3E-8E60-7369216C178D}.Release|Any CPU.Build.0 = Release|Any CPU
	EndGlobalSection
	GlobalSection(SolutionProperties) = preSolution
		HideSolutionNode = FALSE
	EndGlobalSection
	GlobalSection(ExtensibilityGlobals) = postSolution
		SolutionGuid = {25AE4FFC-8F74-4500-B549-5CB550432A82}
	EndGlobalSection
EndGlobal
