
Microsoft Visual Studio Solution File, Format Version 12.00
# Visual Studio Version 17
VisualStudioVersion = 17.6.33815.320
MinimumVisualStudioVersion = 10.0.40219.1
Project("{FAE04EC0-301F-11D3-BF4B-00C04F79EFBC}") = "TestMVC", "TestMVC\TestMVC.csproj", "{05B7D9FC-FB74-48F3-87B2-7EE9E9589C3A}"
EndProject
Project("{FAE04EC0-301F-11D3-BF4B-00C04F79EFBC}") = "WebApi", "WebApi\WebApi.csproj", "{EA11185B-1C18-4FFD-B3A4-FB26D0FD210B}"
EndProject
Global
	GlobalSection(SolutionConfigurationPlatforms) = preSolution
		Debug|Any CPU = Debug|Any CPU
		Release|Any CPU = Release|Any CPU
	EndGlobalSection
	GlobalSection(ProjectConfigurationPlatforms) = postSolution
		{05B7D9FC-FB74-48F3-87B2-7EE9E9589C3A}.Debug|Any CPU.ActiveCfg = Debug|Any CPU
		{05B7D9FC-FB74-48F3-87B2-7EE9E9589C3A}.Debug|Any CPU.Build.0 = Debug|Any CPU
		{05B7D9FC-FB74-48F3-87B2-7EE9E9589C3A}.Release|Any CPU.ActiveCfg = Release|Any CPU
		{05B7D9FC-FB74-48F3-87B2-7EE9E9589C3A}.Release|Any CPU.Build.0 = Release|Any CPU
		{EA11185B-1C18-4FFD-B3A4-FB26D0FD210B}.Debug|Any CPU.ActiveCfg = Debug|Any CPU
		{EA11185B-1C18-4FFD-B3A4-FB26D0FD210B}.Debug|Any CPU.Build.0 = Debug|Any CPU
		{EA11185B-1C18-4FFD-B3A4-FB26D0FD210B}.Release|Any CPU.ActiveCfg = Release|Any CPU
		{EA11185B-1C18-4FFD-B3A4-FB26D0FD210B}.Release|Any CPU.Build.0 = Release|Any CPU
	EndGlobalSection
	GlobalSection(SolutionProperties) = preSolution
		HideSolutionNode = FALSE
	EndGlobalSection
	GlobalSection(ExtensibilityGlobals) = postSolution
		SolutionGuid = {A307C4DE-1645-416F-9DA1-12A8150B354B}
	EndGlobalSection
EndGlobal
