
Microsoft Visual Studio Solution File, Format Version 12.00
# Visual Studio Version 17
VisualStudioVersion = 17.6.33815.320
MinimumVisualStudioVersion = 10.0.40219.1
Project("{FAE04EC0-301F-11D3-BF4B-00C04F79EFBC}") = "WebApi_1", "WebApi_1\WebApi_1.csproj", "{6EF28ECB-9707-4316-BA52-37A003EA504C}"
EndProject
Global
	GlobalSection(SolutionConfigurationPlatforms) = preSolution
		Debug|Any CPU = Debug|Any CPU
		Release|Any CPU = Release|Any CPU
	EndGlobalSection
	GlobalSection(ProjectConfigurationPlatforms) = postSolution
		{6EF28ECB-9707-4316-BA52-37A003EA504C}.Debug|Any CPU.ActiveCfg = Debug|Any CPU
		{6EF28ECB-9707-4316-BA52-37A003EA504C}.Debug|Any CPU.Build.0 = Debug|Any CPU
		{6EF28ECB-9707-4316-BA52-37A003EA504C}.Release|Any CPU.ActiveCfg = Release|Any CPU
		{6EF28ECB-9707-4316-BA52-37A003EA504C}.Release|Any CPU.Build.0 = Release|Any CPU
	EndGlobalSection
	GlobalSection(SolutionProperties) = preSolution
		HideSolutionNode = FALSE
	EndGlobalSection
	GlobalSection(ExtensibilityGlobals) = postSolution
		SolutionGuid = {C1960F84-6849-4AE9-B74B-5F4337FABC41}
	EndGlobalSection
EndGlobal
